name: update-flake-lock

on:
  workflow_dispatch:
  schedule:
    - cron: "0 9 * * 1"

permissions:
  contents: write
  id-token: write
  issues: write
  pull-requests: write

jobs:
  update:
    runs-on: ubuntu-latest
    steps:
      - name: checkout
        uses: actions/checkout@11bd71901bbe5b1630ceea73d27597364c9af683

      - name: install determinate nix
        uses: DeterminateSystems/determinate-nix-action@131015bad844610e5e6300f8a143bf625d3e74f4

      - name: update flake lock
        uses: DeterminateSystems/update-flake-lock@834c491b2ece4de0bbd00d85214bb5e83b4da5c6
        with:
          branch: ci/update-flake-lock
          commit-msg: "ci: update flake lock"
          pr-title: "ci: update flake lock"
          pr-labels: |
            dependencies
            automated
