name: update-flake-lock

on:
  workflow_dispatch:
  schedule:
    - cron: "0 9 * * 1"

permissions:
  contents: write
  pull-requests: write

jobs:
  update:
    runs-on: ubuntu-latest
    steps:
      - name: checkout
        uses: actions/checkout@v4

      - name: install nix
        uses: cachix/install-nix-action@v31
        with:
          extra_nix_config: |
            experimental-features = nix-command flakes

      - name: prime nix cache
        uses: DeterminateSystems/magic-nix-cache-action@main

      - name: update flake lock
        run: nix flake update

      - name: create pull request
        uses: peter-evans/create-pull-request@v7
        with:
          branch: ci/update-flake-lock
          commit-message: "ci: update flake lock"
          title: "ci: update flake lock"
          body: |
            - refresh pinned flake inputs
            - update flake.lock with the latest upstream revisions
            - generated by the scheduled lock maintenance workflow
